
Microsoft Visual Studio Solution File, Format Version 12.00
# Visual Studio Version 17
VisualStudioVersion = 17.0.31912.275
MinimumVisualStudioVersion = 10.0.40219.1
Project("{2150E333-8FDC-42A3-9474-1A3956D46DE8}") = "Admin", "Admin", "{42B5C0D4-6EAC-4977-BC82-03918CB72FAC}"
EndProject
Project("{2150E333-8FDC-42A3-9474-1A3956D46DE8}") = "StepEbay", "StepEbay", "{E35A9642-26D6-4B14-89B2-7DC2B2D907DC}"
EndProject
Project("{2150E333-8FDC-42A3-9474-1A3956D46DE8}") = "Data", "Data", "{A4E9263C-6889-4074-8766-EBC2E6677860}"
EndProject
Project("{2150E333-8FDC-42A3-9474-1A3956D46DE8}") = "Shared", "Shared", "{4944E4B1-88EA-4AD8-9B01-8C4D74243ED5}"
EndProject
Project("{2150E333-8FDC-42A3-9474-1A3956D46DE8}") = "Client", "Client", "{53A84642-9683-47CD-BA3F-D3D4AC065D14}"
EndProject
Project("{2150E333-8FDC-42A3-9474-1A3956D46DE8}") = "Server", "Server", "{FC138CAD-02E1-4988-A71A-DBD942359627}"
EndProject
Project("{2150E333-8FDC-42A3-9474-1A3956D46DE8}") = "Client", "Client", "{D2D4F82B-94DE-4F98-9411-1C02D0D5281B}"
EndProject
Project("{2150E333-8FDC-42A3-9474-1A3956D46DE8}") = "Server", "Server", "{7DFC3554-3753-4CC1-84A8-6B0E2F77D80A}"
EndProject
Project("{FAE04EC0-301F-11D3-BF4B-00C04F79EFBC}") = "StepEbay.Common.Client", "Common\StepEbay.Common.Client.csproj", "{93CA75F6-F986-47B9-9509-A057B57493B9}"
EndProject
Project("{FAE04EC0-301F-11D3-BF4B-00C04F79EFBC}") = "StepEbay.Data", "Data\StepEbay.Data.csproj", "{19A43373-6A8F-47FF-95E0-C59F8F75C589}"
EndProject
Project("{2150E333-8FDC-42A3-9474-1A3956D46DE8}") = "Shared", "Shared", "{C7D5858B-8F51-4B46-A937-09F636010FDE}"
EndProject
Project("{2150E333-8FDC-42A3-9474-1A3956D46DE8}") = "Shared", "Shared", "{71CB0644-6317-4272-AC2B-1C79138417B8}"
EndProject
Project("{FAE04EC0-301F-11D3-BF4B-00C04F79EFBC}") = "StepEbay.Data.Common", "Data.Common\StepEbay.Data.Common.csproj", "{02DE1086-82C4-4FCF-BE69-8DA8F3AB1367}"
EndProject
Project("{FAE04EC0-301F-11D3-BF4B-00C04F79EFBC}") = "StepEbay.Admin.Api", "Admin.Api\StepEbay.Admin.Api.csproj", "{209C89CA-6B8B-4107-BB68-980B031734E5}"
EndProject
Project("{FAE04EC0-301F-11D3-BF4B-00C04F79EFBC}") = "StepEbay.Admin.Api.Common", "Admin.Api.Common\StepEbay.Admin.Api.Common.csproj", "{93E345F5-4D0F-4925-AC6A-17390EE8E0E2}"
EndProject
Project("{FAE04EC0-301F-11D3-BF4B-00C04F79EFBC}") = "StepEbay.Admin.Common", "Admin.Common\StepEbay.Admin.Common.csproj", "{F0F32B36-8D09-478E-AEBA-648E89EA3B83}"
EndProject
Project("{FAE04EC0-301F-11D3-BF4B-00C04F79EFBC}") = "StepEbay.Main.Api", "StepEbay.Api\StepEbay.Main.Api.csproj", "{C8E69448-A427-4DF3-BCEF-D4E47AFF469D}"
EndProject
Project("{FAE04EC0-301F-11D3-BF4B-00C04F79EFBC}") = "StepEbay.Main.Api.Common", "StepEbay.Api.Common\StepEbay.Main.Api.Common.csproj", "{C62CC629-FD57-48A4-88C5-83798F1B6A2C}"
EndProject
Project("{FAE04EC0-301F-11D3-BF4B-00C04F79EFBC}") = "StepEbay.Main.Common", "StepEbay.Common\StepEbay.Main.Common.csproj", "{779B006E-B18B-4974-ACEC-68EB02EAD517}"
EndProject
Project("{2150E333-8FDC-42A3-9474-1A3956D46DE8}") = "Worker", "Worker", "{E565E74E-8587-4814-A6A3-A0875AED74B6}"
EndProject
Project("{FAE04EC0-301F-11D3-BF4B-00C04F79EFBC}") = "StepEbay.Worker", "StepEbay.Worker\StepEbay.Worker.csproj", "{4FF40C97-86D8-45FF-ADEF-B26239E0E3B4}"
EndProject
Global
	GlobalSection(SolutionConfigurationPlatforms) = preSolution
		Debug|Any CPU = Debug|Any CPU
		Release|Any CPU = Release|Any CPU
	EndGlobalSection
	GlobalSection(ProjectConfigurationPlatforms) = postSolution
		{93CA75F6-F986-47B9-9509-A057B57493B9}.Debug|Any CPU.ActiveCfg = Debug|Any CPU
		{93CA75F6-F986-47B9-9509-A057B57493B9}.Debug|Any CPU.Build.0 = Debug|Any CPU
		{93CA75F6-F986-47B9-9509-A057B57493B9}.Release|Any CPU.ActiveCfg = Release|Any CPU
		{93CA75F6-F986-47B9-9509-A057B57493B9}.Release|Any CPU.Build.0 = Release|Any CPU
		{19A43373-6A8F-47FF-95E0-C59F8F75C589}.Debug|Any CPU.ActiveCfg = Debug|Any CPU
		{19A43373-6A8F-47FF-95E0-C59F8F75C589}.Debug|Any CPU.Build.0 = Debug|Any CPU
		{19A43373-6A8F-47FF-95E0-C59F8F75C589}.Release|Any CPU.ActiveCfg = Release|Any CPU
		{19A43373-6A8F-47FF-95E0-C59F8F75C589}.Release|Any CPU.Build.0 = Release|Any CPU
		{02DE1086-82C4-4FCF-BE69-8DA8F3AB1367}.Debug|Any CPU.ActiveCfg = Debug|Any CPU
		{02DE1086-82C4-4FCF-BE69-8DA8F3AB1367}.Debug|Any CPU.Build.0 = Debug|Any CPU
		{02DE1086-82C4-4FCF-BE69-8DA8F3AB1367}.Release|Any CPU.ActiveCfg = Release|Any CPU
		{02DE1086-82C4-4FCF-BE69-8DA8F3AB1367}.Release|Any CPU.Build.0 = Release|Any CPU
		{209C89CA-6B8B-4107-BB68-980B031734E5}.Debug|Any CPU.ActiveCfg = Debug|Any CPU
		{209C89CA-6B8B-4107-BB68-980B031734E5}.Debug|Any CPU.Build.0 = Debug|Any CPU
		{209C89CA-6B8B-4107-BB68-980B031734E5}.Release|Any CPU.ActiveCfg = Release|Any CPU
		{209C89CA-6B8B-4107-BB68-980B031734E5}.Release|Any CPU.Build.0 = Release|Any CPU
		{93E345F5-4D0F-4925-AC6A-17390EE8E0E2}.Debug|Any CPU.ActiveCfg = Debug|Any CPU
		{93E345F5-4D0F-4925-AC6A-17390EE8E0E2}.Debug|Any CPU.Build.0 = Debug|Any CPU
		{93E345F5-4D0F-4925-AC6A-17390EE8E0E2}.Release|Any CPU.ActiveCfg = Release|Any CPU
		{93E345F5-4D0F-4925-AC6A-17390EE8E0E2}.Release|Any CPU.Build.0 = Release|Any CPU
		{F0F32B36-8D09-478E-AEBA-648E89EA3B83}.Debug|Any CPU.ActiveCfg = Debug|Any CPU
		{F0F32B36-8D09-478E-AEBA-648E89EA3B83}.Debug|Any CPU.Build.0 = Debug|Any CPU
		{F0F32B36-8D09-478E-AEBA-648E89EA3B83}.Release|Any CPU.ActiveCfg = Release|Any CPU
		{F0F32B36-8D09-478E-AEBA-648E89EA3B83}.Release|Any CPU.Build.0 = Release|Any CPU
		{C8E69448-A427-4DF3-BCEF-D4E47AFF469D}.Debug|Any CPU.ActiveCfg = Debug|Any CPU
		{C8E69448-A427-4DF3-BCEF-D4E47AFF469D}.Debug|Any CPU.Build.0 = Debug|Any CPU
		{C8E69448-A427-4DF3-BCEF-D4E47AFF469D}.Release|Any CPU.ActiveCfg = Release|Any CPU
		{C8E69448-A427-4DF3-BCEF-D4E47AFF469D}.Release|Any CPU.Build.0 = Release|Any CPU
		{C62CC629-FD57-48A4-88C5-83798F1B6A2C}.Debug|Any CPU.ActiveCfg = Debug|Any CPU
		{C62CC629-FD57-48A4-88C5-83798F1B6A2C}.Debug|Any CPU.Build.0 = Debug|Any CPU
		{C62CC629-FD57-48A4-88C5-83798F1B6A2C}.Release|Any CPU.ActiveCfg = Release|Any CPU
		{C62CC629-FD57-48A4-88C5-83798F1B6A2C}.Release|Any CPU.Build.0 = Release|Any CPU
		{779B006E-B18B-4974-ACEC-68EB02EAD517}.Debug|Any CPU.ActiveCfg = Debug|Any CPU
		{779B006E-B18B-4974-ACEC-68EB02EAD517}.Debug|Any CPU.Build.0 = Debug|Any CPU
		{779B006E-B18B-4974-ACEC-68EB02EAD517}.Release|Any CPU.ActiveCfg = Release|Any CPU
		{779B006E-B18B-4974-ACEC-68EB02EAD517}.Release|Any CPU.Build.0 = Release|Any CPU
		{4FF40C97-86D8-45FF-ADEF-B26239E0E3B4}.Debug|Any CPU.ActiveCfg = Debug|Any CPU
		{4FF40C97-86D8-45FF-ADEF-B26239E0E3B4}.Debug|Any CPU.Build.0 = Debug|Any CPU
		{4FF40C97-86D8-45FF-ADEF-B26239E0E3B4}.Release|Any CPU.ActiveCfg = Release|Any CPU
		{4FF40C97-86D8-45FF-ADEF-B26239E0E3B4}.Release|Any CPU.Build.0 = Release|Any CPU
	EndGlobalSection
	GlobalSection(SolutionProperties) = preSolution
		HideSolutionNode = FALSE
	EndGlobalSection
	GlobalSection(NestedProjects) = preSolution
		{53A84642-9683-47CD-BA3F-D3D4AC065D14} = {42B5C0D4-6EAC-4977-BC82-03918CB72FAC}
		{FC138CAD-02E1-4988-A71A-DBD942359627} = {42B5C0D4-6EAC-4977-BC82-03918CB72FAC}
		{D2D4F82B-94DE-4F98-9411-1C02D0D5281B} = {E35A9642-26D6-4B14-89B2-7DC2B2D907DC}
		{7DFC3554-3753-4CC1-84A8-6B0E2F77D80A} = {E35A9642-26D6-4B14-89B2-7DC2B2D907DC}
		{93CA75F6-F986-47B9-9509-A057B57493B9} = {4944E4B1-88EA-4AD8-9B01-8C4D74243ED5}
		{19A43373-6A8F-47FF-95E0-C59F8F75C589} = {A4E9263C-6889-4074-8766-EBC2E6677860}
		{C7D5858B-8F51-4B46-A937-09F636010FDE} = {42B5C0D4-6EAC-4977-BC82-03918CB72FAC}
		{71CB0644-6317-4272-AC2B-1C79138417B8} = {E35A9642-26D6-4B14-89B2-7DC2B2D907DC}
		{02DE1086-82C4-4FCF-BE69-8DA8F3AB1367} = {A4E9263C-6889-4074-8766-EBC2E6677860}
		{209C89CA-6B8B-4107-BB68-980B031734E5} = {FC138CAD-02E1-4988-A71A-DBD942359627}
		{93E345F5-4D0F-4925-AC6A-17390EE8E0E2} = {FC138CAD-02E1-4988-A71A-DBD942359627}
		{F0F32B36-8D09-478E-AEBA-648E89EA3B83} = {C7D5858B-8F51-4B46-A937-09F636010FDE}
		{C8E69448-A427-4DF3-BCEF-D4E47AFF469D} = {7DFC3554-3753-4CC1-84A8-6B0E2F77D80A}
		{C62CC629-FD57-48A4-88C5-83798F1B6A2C} = {7DFC3554-3753-4CC1-84A8-6B0E2F77D80A}
		{779B006E-B18B-4974-ACEC-68EB02EAD517} = {71CB0644-6317-4272-AC2B-1C79138417B8}
		{4FF40C97-86D8-45FF-ADEF-B26239E0E3B4} = {E565E74E-8587-4814-A6A3-A0875AED74B6}
	EndGlobalSection
	GlobalSection(ExtensibilityGlobals) = postSolution
		SolutionGuid = {6F2FAC1D-2C2A-4C98-A235-7382D5F68578}
	EndGlobalSection
EndGlobal
